
Microsoft Visual Studio Solution File, Format Version 12.00
# Visual Studio Version 16
VisualStudioVersion = 16.0.30611.23
MinimumVisualStudioVersion = 10.0.40219.1
Project("{FAE04EC0-301F-11D3-BF4B-00C04F79EFBC}") = "Ejercicio_2.3", "Ejercicio_2.3\Ejercicio_2.3.csproj", "{D1769BDD-E22E-406B-A0D0-58BE36C0767C}"
EndProject
Global
	GlobalSection(SolutionConfigurationPlatforms) = preSolution
		Debug|Any CPU = Debug|Any CPU
		Release|Any CPU = Release|Any CPU
	EndGlobalSection
	GlobalSection(ProjectConfigurationPlatforms) = postSolution
		{D1769BDD-E22E-406B-A0D0-58BE36C0767C}.Debug|Any CPU.ActiveCfg = Debug|Any CPU
		{D1769BDD-E22E-406B-A0D0-58BE36C0767C}.Debug|Any CPU.Build.0 = Debug|Any CPU
		{D1769BDD-E22E-406B-A0D0-58BE36C0767C}.Release|Any CPU.ActiveCfg = Release|Any CPU
		{D1769BDD-E22E-406B-A0D0-58BE36C0767C}.Release|Any CPU.Build.0 = Release|Any CPU
	EndGlobalSection
	GlobalSection(SolutionProperties) = preSolution
		HideSolutionNode = FALSE
	EndGlobalSection
	GlobalSection(ExtensibilityGlobals) = postSolution
		SolutionGuid = {B7827ADB-A56B-49D5-85F1-0A82B602DB64}
	EndGlobalSection
EndGlobal
