
Microsoft Visual Studio Solution File, Format Version 12.00
# Visual Studio Version 16
VisualStudioVersion = 16.0.30611.23
MinimumVisualStudioVersion = 10.0.40219.1
Project("{FAE04EC0-301F-11D3-BF4B-00C04F79EFBC}") = "Lab.Form", "Lab.Form\Lab.Form.csproj", "{312DDDD9-D4F4-4B8D-92E1-9C0E8E8CEB15}"
EndProject
Global
	GlobalSection(SolutionConfigurationPlatforms) = preSolution
		Debug|Any CPU = Debug|Any CPU
		Release|Any CPU = Release|Any CPU
	EndGlobalSection
	GlobalSection(ProjectConfigurationPlatforms) = postSolution
		{312DDDD9-D4F4-4B8D-92E1-9C0E8E8CEB15}.Debug|Any CPU.ActiveCfg = Debug|Any CPU
		{312DDDD9-D4F4-4B8D-92E1-9C0E8E8CEB15}.Debug|Any CPU.Build.0 = Debug|Any CPU
		{312DDDD9-D4F4-4B8D-92E1-9C0E8E8CEB15}.Release|Any CPU.ActiveCfg = Release|Any CPU
		{312DDDD9-D4F4-4B8D-92E1-9C0E8E8CEB15}.Release|Any CPU.Build.0 = Release|Any CPU
	EndGlobalSection
	GlobalSection(SolutionProperties) = preSolution
		HideSolutionNode = FALSE
	EndGlobalSection
	GlobalSection(ExtensibilityGlobals) = postSolution
		SolutionGuid = {F5753BBE-CCEF-44D1-8883-35C012F09408}
	EndGlobalSection
EndGlobal
