
Microsoft Visual Studio Solution File, Format Version 12.00
# Visual Studio Version 16
VisualStudioVersion = 16.0.30611.23
MinimumVisualStudioVersion = 10.0.40219.1
Project("{FAE04EC0-301F-11D3-BF4B-00C04F79EFBC}") = "Lab.Capas.Presentacion", "Lab.Capas.Presentacion\Lab.Capas.Presentacion.csproj", "{5B0BEB4F-D853-4F4A-9C50-F45B575095C0}"
EndProject
Project("{FAE04EC0-301F-11D3-BF4B-00C04F79EFBC}") = "Lab.Demo.Logic", "Lab.Demo.Logic\Lab.Demo.Logic.csproj", "{C33793EE-53D2-4606-B2CC-E5EFDF10DCCF}"
EndProject
Project("{FAE04EC0-301F-11D3-BF4B-00C04F79EFBC}") = "Lab.Demo.Entities", "Lab.Demo.Entities\Lab.Demo.Entities.csproj", "{DC23E3DB-7452-40F1-8116-C03782C16751}"
EndProject
Project("{FAE04EC0-301F-11D3-BF4B-00C04F79EFBC}") = "Lab.Demo.ResourceAccess", "Lab.Demo.ResourceAccess\Lab.Demo.ResourceAccess.csproj", "{5FFCACA9-AC74-4498-BCB7-40675294620F}"
EndProject
Global
	GlobalSection(SolutionConfigurationPlatforms) = preSolution
		Debug|Any CPU = Debug|Any CPU
		Release|Any CPU = Release|Any CPU
	EndGlobalSection
	GlobalSection(ProjectConfigurationPlatforms) = postSolution
		{5B0BEB4F-D853-4F4A-9C50-F45B575095C0}.Debug|Any CPU.ActiveCfg = Debug|Any CPU
		{5B0BEB4F-D853-4F4A-9C50-F45B575095C0}.Debug|Any CPU.Build.0 = Debug|Any CPU
		{5B0BEB4F-D853-4F4A-9C50-F45B575095C0}.Release|Any CPU.ActiveCfg = Release|Any CPU
		{5B0BEB4F-D853-4F4A-9C50-F45B575095C0}.Release|Any CPU.Build.0 = Release|Any CPU
		{C33793EE-53D2-4606-B2CC-E5EFDF10DCCF}.Debug|Any CPU.ActiveCfg = Debug|Any CPU
		{C33793EE-53D2-4606-B2CC-E5EFDF10DCCF}.Debug|Any CPU.Build.0 = Debug|Any CPU
		{C33793EE-53D2-4606-B2CC-E5EFDF10DCCF}.Release|Any CPU.ActiveCfg = Release|Any CPU
		{C33793EE-53D2-4606-B2CC-E5EFDF10DCCF}.Release|Any CPU.Build.0 = Release|Any CPU
		{DC23E3DB-7452-40F1-8116-C03782C16751}.Debug|Any CPU.ActiveCfg = Debug|Any CPU
		{DC23E3DB-7452-40F1-8116-C03782C16751}.Debug|Any CPU.Build.0 = Debug|Any CPU
		{DC23E3DB-7452-40F1-8116-C03782C16751}.Release|Any CPU.ActiveCfg = Release|Any CPU
		{DC23E3DB-7452-40F1-8116-C03782C16751}.Release|Any CPU.Build.0 = Release|Any CPU
		{5FFCACA9-AC74-4498-BCB7-40675294620F}.Debug|Any CPU.ActiveCfg = Debug|Any CPU
		{5FFCACA9-AC74-4498-BCB7-40675294620F}.Debug|Any CPU.Build.0 = Debug|Any CPU
		{5FFCACA9-AC74-4498-BCB7-40675294620F}.Release|Any CPU.ActiveCfg = Release|Any CPU
		{5FFCACA9-AC74-4498-BCB7-40675294620F}.Release|Any CPU.Build.0 = Release|Any CPU
	EndGlobalSection
	GlobalSection(SolutionProperties) = preSolution
		HideSolutionNode = FALSE
	EndGlobalSection
	GlobalSection(ExtensibilityGlobals) = postSolution
		SolutionGuid = {3D601CD3-5A99-4F20-8F42-1DEAB60C65EA}
	EndGlobalSection
EndGlobal
